
Microsoft Visual Studio Solution File, Format Version 12.00
# Visual Studio 15
VisualStudioVersion = 15.0.26124.0
MinimumVisualStudioVersion = 15.0.26124.0
Project("{FAE04EC0-301F-11D3-BF4B-00C04F79EFBC}") = "Domain", "Domain\Domain.csproj", "{29B222FC-AD0E-4688-AFDC-18B863492B09}"
EndProject
Project("{FAE04EC0-301F-11D3-BF4B-00C04F79EFBC}") = "Persistence", "Persistence\Persistence.csproj", "{5D7FFFF0-6105-4137-89D0-6AA41782F84B}"
EndProject
Project("{FAE04EC0-301F-11D3-BF4B-00C04F79EFBC}") = "API", "API\API.csproj", "{89508976-0860-4033-BD9D-728E14BB5385}"
EndProject
Project("{FAE04EC0-301F-11D3-BF4B-00C04F79EFBC}") = "Infrastructure", "Infrastructure\Infrastructure.csproj", "{85A37A8E-4DA0-472B-8DFE-4CA3B3B28632}"
EndProject
Global
	GlobalSection(SolutionConfigurationPlatforms) = preSolution
		Debug|Any CPU = Debug|Any CPU
		Debug|x64 = Debug|x64
		Debug|x86 = Debug|x86
		Release|Any CPU = Release|Any CPU
		Release|x64 = Release|x64
		Release|x86 = Release|x86
	EndGlobalSection
	GlobalSection(SolutionProperties) = preSolution
		HideSolutionNode = FALSE
	EndGlobalSection
	GlobalSection(ProjectConfigurationPlatforms) = postSolution
		{29B222FC-AD0E-4688-AFDC-18B863492B09}.Debug|Any CPU.ActiveCfg = Debug|Any CPU
		{29B222FC-AD0E-4688-AFDC-18B863492B09}.Debug|Any CPU.Build.0 = Debug|Any CPU
		{29B222FC-AD0E-4688-AFDC-18B863492B09}.Debug|x64.ActiveCfg = Debug|Any CPU
		{29B222FC-AD0E-4688-AFDC-18B863492B09}.Debug|x64.Build.0 = Debug|Any CPU
		{29B222FC-AD0E-4688-AFDC-18B863492B09}.Debug|x86.ActiveCfg = Debug|Any CPU
		{29B222FC-AD0E-4688-AFDC-18B863492B09}.Debug|x86.Build.0 = Debug|Any CPU
		{29B222FC-AD0E-4688-AFDC-18B863492B09}.Release|Any CPU.ActiveCfg = Release|Any CPU
		{29B222FC-AD0E-4688-AFDC-18B863492B09}.Release|Any CPU.Build.0 = Release|Any CPU
		{29B222FC-AD0E-4688-AFDC-18B863492B09}.Release|x64.ActiveCfg = Release|Any CPU
		{29B222FC-AD0E-4688-AFDC-18B863492B09}.Release|x64.Build.0 = Release|Any CPU
		{29B222FC-AD0E-4688-AFDC-18B863492B09}.Release|x86.ActiveCfg = Release|Any CPU
		{29B222FC-AD0E-4688-AFDC-18B863492B09}.Release|x86.Build.0 = Release|Any CPU
		{5D7FFFF0-6105-4137-89D0-6AA41782F84B}.Debug|Any CPU.ActiveCfg = Debug|Any CPU
		{5D7FFFF0-6105-4137-89D0-6AA41782F84B}.Debug|Any CPU.Build.0 = Debug|Any CPU
		{5D7FFFF0-6105-4137-89D0-6AA41782F84B}.Debug|x64.ActiveCfg = Debug|Any CPU
		{5D7FFFF0-6105-4137-89D0-6AA41782F84B}.Debug|x64.Build.0 = Debug|Any CPU
		{5D7FFFF0-6105-4137-89D0-6AA41782F84B}.Debug|x86.ActiveCfg = Debug|Any CPU
		{5D7FFFF0-6105-4137-89D0-6AA41782F84B}.Debug|x86.Build.0 = Debug|Any CPU
		{5D7FFFF0-6105-4137-89D0-6AA41782F84B}.Release|Any CPU.ActiveCfg = Release|Any CPU
		{5D7FFFF0-6105-4137-89D0-6AA41782F84B}.Release|Any CPU.Build.0 = Release|Any CPU
		{5D7FFFF0-6105-4137-89D0-6AA41782F84B}.Release|x64.ActiveCfg = Release|Any CPU
		{5D7FFFF0-6105-4137-89D0-6AA41782F84B}.Release|x64.Build.0 = Release|Any CPU
		{5D7FFFF0-6105-4137-89D0-6AA41782F84B}.Release|x86.ActiveCfg = Release|Any CPU
		{5D7FFFF0-6105-4137-89D0-6AA41782F84B}.Release|x86.Build.0 = Release|Any CPU
		{89508976-0860-4033-BD9D-728E14BB5385}.Debug|Any CPU.ActiveCfg = Debug|Any CPU
		{89508976-0860-4033-BD9D-728E14BB5385}.Debug|Any CPU.Build.0 = Debug|Any CPU
		{89508976-0860-4033-BD9D-728E14BB5385}.Debug|x64.ActiveCfg = Debug|Any CPU
		{89508976-0860-4033-BD9D-728E14BB5385}.Debug|x64.Build.0 = Debug|Any CPU
		{89508976-0860-4033-BD9D-728E14BB5385}.Debug|x86.ActiveCfg = Debug|Any CPU
		{89508976-0860-4033-BD9D-728E14BB5385}.Debug|x86.Build.0 = Debug|Any CPU
		{89508976-0860-4033-BD9D-728E14BB5385}.Release|Any CPU.ActiveCfg = Release|Any CPU
		{89508976-0860-4033-BD9D-728E14BB5385}.Release|Any CPU.Build.0 = Release|Any CPU
		{89508976-0860-4033-BD9D-728E14BB5385}.Release|x64.ActiveCfg = Release|Any CPU
		{89508976-0860-4033-BD9D-728E14BB5385}.Release|x64.Build.0 = Release|Any CPU
		{89508976-0860-4033-BD9D-728E14BB5385}.Release|x86.ActiveCfg = Release|Any CPU
		{89508976-0860-4033-BD9D-728E14BB5385}.Release|x86.Build.0 = Release|Any CPU
		{85A37A8E-4DA0-472B-8DFE-4CA3B3B28632}.Debug|Any CPU.ActiveCfg = Debug|Any CPU
		{85A37A8E-4DA0-472B-8DFE-4CA3B3B28632}.Debug|Any CPU.Build.0 = Debug|Any CPU
		{85A37A8E-4DA0-472B-8DFE-4CA3B3B28632}.Debug|x64.ActiveCfg = Debug|Any CPU
		{85A37A8E-4DA0-472B-8DFE-4CA3B3B28632}.Debug|x64.Build.0 = Debug|Any CPU
		{85A37A8E-4DA0-472B-8DFE-4CA3B3B28632}.Debug|x86.ActiveCfg = Debug|Any CPU
		{85A37A8E-4DA0-472B-8DFE-4CA3B3B28632}.Debug|x86.Build.0 = Debug|Any CPU
		{85A37A8E-4DA0-472B-8DFE-4CA3B3B28632}.Release|Any CPU.ActiveCfg = Release|Any CPU
		{85A37A8E-4DA0-472B-8DFE-4CA3B3B28632}.Release|Any CPU.Build.0 = Release|Any CPU
		{85A37A8E-4DA0-472B-8DFE-4CA3B3B28632}.Release|x64.ActiveCfg = Release|Any CPU
		{85A37A8E-4DA0-472B-8DFE-4CA3B3B28632}.Release|x64.Build.0 = Release|Any CPU
		{85A37A8E-4DA0-472B-8DFE-4CA3B3B28632}.Release|x86.ActiveCfg = Release|Any CPU
		{85A37A8E-4DA0-472B-8DFE-4CA3B3B28632}.Release|x86.Build.0 = Release|Any CPU
	EndGlobalSection
EndGlobal
